
Microsoft Visual Studio Solution File, Format Version 12.00
# Visual Studio Version 17
VisualStudioVersion = 17.5.33516.290
MinimumVisualStudioVersion = 10.0.40219.1
Project("{FAE04EC0-301F-11D3-BF4B-00C04F79EFBC}") = "RestaurantManager", "RestaurantManager\RestaurantManager.csproj", "{BE2F3384-8D26-42CA-B781-ECEEC3A84152}"
EndProject
Global
	GlobalSection(SolutionConfigurationPlatforms) = preSolution
		Debug|Any CPU = Debug|Any CPU
		Release|Any CPU = Release|Any CPU
	EndGlobalSection
	GlobalSection(ProjectConfigurationPlatforms) = postSolution
		{BE2F3384-8D26-42CA-B781-ECEEC3A84152}.Debug|Any CPU.ActiveCfg = Debug|Any CPU
		{BE2F3384-8D26-42CA-B781-ECEEC3A84152}.Debug|Any CPU.Build.0 = Debug|Any CPU
		{BE2F3384-8D26-42CA-B781-ECEEC3A84152}.Release|Any CPU.ActiveCfg = Release|Any CPU
		{BE2F3384-8D26-42CA-B781-ECEEC3A84152}.Release|Any CPU.Build.0 = Release|Any CPU
	EndGlobalSection
	GlobalSection(SolutionProperties) = preSolution
		HideSolutionNode = FALSE
	EndGlobalSection
	GlobalSection(ExtensibilityGlobals) = postSolution
		SolutionGuid = {B96B5D57-6E29-4516-AD85-09B3BA36AD92}
	EndGlobalSection
EndGlobal
